
Microsoft Visual Studio Solution File, Format Version 12.00
# Visual Studio Version 16
VisualStudioVersion = 16.0.30517.126
MinimumVisualStudioVersion = 10.0.40219.1
Project("{FAE04EC0-301F-11D3-BF4B-00C04F79EFBC}") = "Assignment6", "Assignment6\Assignment6.csproj", "{C119BA6B-D7B6-4FD7-9A1B-CAC174D6A15A}"
EndProject
Global
	GlobalSection(SolutionConfigurationPlatforms) = preSolution
		Debug|Any CPU = Debug|Any CPU
		Release|Any CPU = Release|Any CPU
	EndGlobalSection
	GlobalSection(ProjectConfigurationPlatforms) = postSolution
		{C119BA6B-D7B6-4FD7-9A1B-CAC174D6A15A}.Debug|Any CPU.ActiveCfg = Debug|Any CPU
		{C119BA6B-D7B6-4FD7-9A1B-CAC174D6A15A}.Debug|Any CPU.Build.0 = Debug|Any CPU
		{C119BA6B-D7B6-4FD7-9A1B-CAC174D6A15A}.Release|Any CPU.ActiveCfg = Release|Any CPU
		{C119BA6B-D7B6-4FD7-9A1B-CAC174D6A15A}.Release|Any CPU.Build.0 = Release|Any CPU
	EndGlobalSection
	GlobalSection(SolutionProperties) = preSolution
		HideSolutionNode = FALSE
	EndGlobalSection
	GlobalSection(ExtensibilityGlobals) = postSolution
		SolutionGuid = {D3CECD65-A1BE-4133-9189-BE3A48023C8F}
	EndGlobalSection
EndGlobal
