
Microsoft Visual Studio Solution File, Format Version 12.00
# Visual Studio Version 16
VisualStudioVersion = 16.0.30517.126
MinimumVisualStudioVersion = 10.0.40219.1
Project("{FAE04EC0-301F-11D3-BF4B-00C04F79EFBC}") = "Assignment4", "Assignment4\Assignment4.csproj", "{CC1105A2-ED47-431C-A2BF-5BF3D61B1964}"
EndProject
Global
	GlobalSection(SolutionConfigurationPlatforms) = preSolution
		Debug|Any CPU = Debug|Any CPU
		Release|Any CPU = Release|Any CPU
	EndGlobalSection
	GlobalSection(ProjectConfigurationPlatforms) = postSolution
		{CC1105A2-ED47-431C-A2BF-5BF3D61B1964}.Debug|Any CPU.ActiveCfg = Debug|Any CPU
		{CC1105A2-ED47-431C-A2BF-5BF3D61B1964}.Debug|Any CPU.Build.0 = Debug|Any CPU
		{CC1105A2-ED47-431C-A2BF-5BF3D61B1964}.Release|Any CPU.ActiveCfg = Release|Any CPU
		{CC1105A2-ED47-431C-A2BF-5BF3D61B1964}.Release|Any CPU.Build.0 = Release|Any CPU
	EndGlobalSection
	GlobalSection(SolutionProperties) = preSolution
		HideSolutionNode = FALSE
	EndGlobalSection
	GlobalSection(ExtensibilityGlobals) = postSolution
		SolutionGuid = {C34F301A-6F22-451E-97A0-A40C6DB91CBC}
	EndGlobalSection
EndGlobal
