
Microsoft Visual Studio Solution File, Format Version 12.00
# Visual Studio Version 16
VisualStudioVersion = 16.0.30517.126
MinimumVisualStudioVersion = 10.0.40219.1
Project("{FAE04EC0-301F-11D3-BF4B-00C04F79EFBC}") = "Assignment5", "Assignment5\Assignment5.csproj", "{BF0609BD-B2FD-4494-A5C1-5F73178A48FF}"
EndProject
Global
	GlobalSection(SolutionConfigurationPlatforms) = preSolution
		Debug|Any CPU = Debug|Any CPU
		Release|Any CPU = Release|Any CPU
	EndGlobalSection
	GlobalSection(ProjectConfigurationPlatforms) = postSolution
		{BF0609BD-B2FD-4494-A5C1-5F73178A48FF}.Debug|Any CPU.ActiveCfg = Debug|Any CPU
		{BF0609BD-B2FD-4494-A5C1-5F73178A48FF}.Debug|Any CPU.Build.0 = Debug|Any CPU
		{BF0609BD-B2FD-4494-A5C1-5F73178A48FF}.Release|Any CPU.ActiveCfg = Release|Any CPU
		{BF0609BD-B2FD-4494-A5C1-5F73178A48FF}.Release|Any CPU.Build.0 = Release|Any CPU
	EndGlobalSection
	GlobalSection(SolutionProperties) = preSolution
		HideSolutionNode = FALSE
	EndGlobalSection
	GlobalSection(ExtensibilityGlobals) = postSolution
		SolutionGuid = {288BA7CA-57F6-484C-AF86-AA69C46C0858}
	EndGlobalSection
EndGlobal
